
Microsoft Visual Studio Solution File, Format Version 12.00
# Visual Studio Version 17
VisualStudioVersion = 17.5.33530.505
MinimumVisualStudioVersion = 10.0.40219.1
Project("{FAE04EC0-301F-11D3-BF4B-00C04F79EFBC}") = "OpenSilverAttachedProperty.Browser", "OpenSilverAttachedProperty.Browser\OpenSilverAttachedProperty.Browser.csproj", "{C7438734-940F-4C89-8419-E48D425DC1BB}"
EndProject
Project("{FAE04EC0-301F-11D3-BF4B-00C04F79EFBC}") = "OpenSilverAttachedProperty", "OpenSilverAttachedProperty\OpenSilverAttachedProperty.csproj", "{B9D9336A-D524-485A-AF69-E17CA34CB5A6}"
EndProject
Project("{FAE04EC0-301F-11D3-BF4B-00C04F79EFBC}") = "OpenSilverAttachedProperty.Simulator", "OpenSilverAttachedProperty.Simulator\OpenSilverAttachedProperty.Simulator.csproj", "{C98110FA-3884-4FC6-86F7-FFBD244B477D}"
EndProject
Global
	GlobalSection(SolutionConfigurationPlatforms) = preSolution
		Debug|Any CPU = Debug|Any CPU
		Release|Any CPU = Release|Any CPU
	EndGlobalSection
	GlobalSection(ProjectConfigurationPlatforms) = postSolution
		{C7438734-940F-4C89-8419-E48D425DC1BB}.Debug|Any CPU.ActiveCfg = Debug|Any CPU
		{C7438734-940F-4C89-8419-E48D425DC1BB}.Debug|Any CPU.Build.0 = Debug|Any CPU
		{C7438734-940F-4C89-8419-E48D425DC1BB}.Release|Any CPU.ActiveCfg = Release|Any CPU
		{C7438734-940F-4C89-8419-E48D425DC1BB}.Release|Any CPU.Build.0 = Release|Any CPU
		{B9D9336A-D524-485A-AF69-E17CA34CB5A6}.Debug|Any CPU.ActiveCfg = Debug|Any CPU
		{B9D9336A-D524-485A-AF69-E17CA34CB5A6}.Debug|Any CPU.Build.0 = Debug|Any CPU
		{B9D9336A-D524-485A-AF69-E17CA34CB5A6}.Release|Any CPU.ActiveCfg = Release|Any CPU
		{B9D9336A-D524-485A-AF69-E17CA34CB5A6}.Release|Any CPU.Build.0 = Release|Any CPU
		{C98110FA-3884-4FC6-86F7-FFBD244B477D}.Debug|Any CPU.ActiveCfg = Debug|Any CPU
		{C98110FA-3884-4FC6-86F7-FFBD244B477D}.Debug|Any CPU.Build.0 = Debug|Any CPU
		{C98110FA-3884-4FC6-86F7-FFBD244B477D}.Release|Any CPU.ActiveCfg = Release|Any CPU
		{C98110FA-3884-4FC6-86F7-FFBD244B477D}.Release|Any CPU.Build.0 = Release|Any CPU
	EndGlobalSection
	GlobalSection(SolutionProperties) = preSolution
		HideSolutionNode = FALSE
	EndGlobalSection
	GlobalSection(ExtensibilityGlobals) = postSolution
		SolutionGuid = {2987B3C4-E3E8-4E64-BDA1-7DF1B49E4DF7}
	EndGlobalSection
EndGlobal
